
Microsoft Visual Studio Solution File, Format Version 11.00
# Visual Studio 2010
Project("{FAE04EC0-301F-11D3-BF4B-00C04F79EFBC}") = "公務統計報表.獎懲人數統計", "公務統計報表.獎懲人數統計.csproj", "{4A82D29F-467F-4F23-A587-0B5201930D5A}"
EndProject
Global
	GlobalSection(TeamFoundationVersionControl) = preSolution
		SccNumberOfProjects = 2
		SccEnterpriseProvider = {4CA58AB2-18FA-4F8D-95D4-32DDF27D184C}
		SccTeamFoundationServer = http://tfserver.ischool.com.tw:8080/tfs/tfs2008
		SccLocalPath0 = .
		SccProjectUniqueName1 = 公務統計報表.獎懲人數統計.csproj
		SccLocalPath1 = .
	EndGlobalSection
	GlobalSection(SolutionConfigurationPlatforms) = preSolution
		Debug|Any CPU = Debug|Any CPU
		Release|Any CPU = Release|Any CPU
	EndGlobalSection
	GlobalSection(ProjectConfigurationPlatforms) = postSolution
		{4A82D29F-467F-4F23-A587-0B5201930D5A}.Debug|Any CPU.ActiveCfg = Debug|Any CPU
		{4A82D29F-467F-4F23-A587-0B5201930D5A}.Debug|Any CPU.Build.0 = Debug|Any CPU
		{4A82D29F-467F-4F23-A587-0B5201930D5A}.Release|Any CPU.ActiveCfg = Release|Any CPU
		{4A82D29F-467F-4F23-A587-0B5201930D5A}.Release|Any CPU.Build.0 = Release|Any CPU
	EndGlobalSection
	GlobalSection(SolutionProperties) = preSolution
		HideSolutionNode = FALSE
	EndGlobalSection
EndGlobal
